// !$*UTF8*$!
{
	archiveVersion = 1;
	classes = {
	};
	objectVersion = 56;
	objects = {

/* Begin PBXBuildFile section */
		E392A98E2A655E67004129D8 /* AppDelegate.swift in Sources */ = {isa = PBXBuildFile; fileRef = E392A98D2A655E67004129D8 /* AppDelegate.swift */; };
		E392A9902A655E67004129D8 /* SceneDelegate.swift in Sources */ = {isa = PBXBuildFile; fileRef = E392A98F2A655E67004129D8 /* SceneDelegate.swift */; };
		E392A9922A655E67004129D8 /* PromptEditingViewController.swift in Sources */ = {isa = PBXBuildFile; fileRef = E392A9912A655E67004129D8 /* PromptEditingViewController.swift */; };
		E392A9952A655E67004129D8 /* Main.storyboard in Resources */ = {isa = PBXBuildFile; fileRef = E392A9932A655E67004129D8 /* Main.storyboard */; };
		E392A9972A655E6A004129D8 /* Assets.xcassets in Resources */ = {isa = PBXBuildFile; fileRef = E392A9962A655E6A004129D8 /* Assets.xcassets */; };
		E392A99A2A655E6A004129D8 /* LaunchScreen.storyboard in Resources */ = {isa = PBXBuildFile; fileRef = E392A9982A655E6A004129D8 /* LaunchScreen.storyboard */; };
		E392A9A32A656269004129D8 /* StoryPrompts.swift in Sources */ = {isa = PBXBuildFile; fileRef = E392A9A22A656269004129D8 /* StoryPrompts.swift */; };
		E392A9A52A6566D9004129D8 /* StoryPromptEntry.swift in Sources */ = {isa = PBXBuildFile; fileRef = E392A9A42A6566D9004129D8 /* StoryPromptEntry.swift */; };
		E392A9A92A66D149004129D8 /* ResultViewController.swift in Sources */ = {isa = PBXBuildFile; fileRef = E392A9A82A66D149004129D8 /* ResultViewController.swift */; };
		E392A9AB2A683983004129D8 /* StoryPromptTableViewController.swift in Sources */ = {isa = PBXBuildFile; fileRef = E392A9AA2A683983004129D8 /* StoryPromptTableViewController.swift */; };
/* End PBXBuildFile section */

/* Begin PBXFileReference section */
		E392A98A2A655E67004129D8 /* StoryPromt.app */ = {isa = PBXFileReference; explicitFileType = wrapper.application; includeInIndex = 0; path = StoryPromt.app; sourceTree = BUILT_PRODUCTS_DIR; };
		E392A98D2A655E67004129D8 /* AppDelegate.swift */ = {isa = PBXFileReference; lastKnownFileType = sourcecode.swift; path = AppDelegate.swift; sourceTree = "<group>"; };
		E392A98F2A655E67004129D8 /* SceneDelegate.swift */ = {isa = PBXFileReference; lastKnownFileType = sourcecode.swift; path = SceneDelegate.swift; sourceTree = "<group>"; };
		E392A9912A655E67004129D8 /* PromptEditingViewController.swift */ = {isa = PBXFileReference; lastKnownFileType = sourcecode.swift; path = PromptEditingViewController.swift; sourceTree = "<group>"; };
		E392A9942A655E67004129D8 /* Base */ = {isa = PBXFileReference; lastKnownFileType = file.storyboard; name = Base; path = Base.lproj/Main.storyboard; sourceTree = "<group>"; };
		E392A9962A655E6A004129D8 /* Assets.xcassets */ = {isa = PBXFileReference; lastKnownFileType = folder.assetcatalog; path = Assets.xcassets; sourceTree = "<group>"; };
		E392A9992A655E6A004129D8 /* Base */ = {isa = PBXFileReference; lastKnownFileType = file.storyboard; name = Base; path = Base.lproj/LaunchScreen.storyboard; sourceTree = "<group>"; };
		E392A99B2A655E6A004129D8 /* Info.plist */ = {isa = PBXFileReference; lastKnownFileType = text.plist.xml; path = Info.plist; sourceTree = "<group>"; };
		E392A9A22A656269004129D8 /* StoryPrompts.swift */ = {isa = PBXFileReference; lastKnownFileType = sourcecode.swift; path = StoryPrompts.swift; sourceTree = "<group>"; };
		E392A9A42A6566D9004129D8 /* StoryPromptEntry.swift */ = {isa = PBXFileReference; lastKnownFileType = sourcecode.swift; path = StoryPromptEntry.swift; sourceTree = "<group>"; };
		E392A9A82A66D149004129D8 /* ResultViewController.swift */ = {isa = PBXFileReference; lastKnownFileType = sourcecode.swift; path = ResultViewController.swift; sourceTree = "<group>"; };
		E392A9AA2A683983004129D8 /* StoryPromptTableViewController.swift */ = {isa = PBXFileReference; lastKnownFileType = sourcecode.swift; path = StoryPromptTableViewController.swift; sourceTree = "<group>"; };
/* End PBXFileReference section */

/* Begin PBXFrameworksBuildPhase section */
		E392A9872A655E67004129D8 /* Frameworks */ = {
			isa = PBXFrameworksBuildPhase;
			buildActionMask = 2147483647;
			files = (
			);
			runOnlyForDeploymentPostprocessing = 0;
		};
/* End PBXFrameworksBuildPhase section */

/* Begin PBXGroup section */
		E392A9812A655E67004129D8 = {
			isa = PBXGroup;
			children = (
				E392A98C2A655E67004129D8 /* StoryPromt */,
				E392A98B2A655E67004129D8 /* Products */,
			);
			sourceTree = "<group>";
		};
		E392A98B2A655E67004129D8 /* Products */ = {
			isa = PBXGroup;
			children = (
				E392A98A2A655E67004129D8 /* StoryPromt.app */,
			);
			name = Products;
			sourceTree = "<group>";
		};
		E392A98C2A655E67004129D8 /* StoryPromt */ = {
			isa = PBXGroup;
			children = (
				E392A9A12A656130004129D8 /* Model */,
				E392A9A62A66D0C9004129D8 /* View */,
				E392A9A72A66D0D1004129D8 /* Controller */,
				E392A98D2A655E67004129D8 /* AppDelegate.swift */,
				E392A98F2A655E67004129D8 /* SceneDelegate.swift */,
				E392A9962A655E6A004129D8 /* Assets.xcassets */,
				E392A9982A655E6A004129D8 /* LaunchScreen.storyboard */,
				E392A99B2A655E6A004129D8 /* Info.plist */,
			);
			path = StoryPromt;
			sourceTree = "<group>";
		};
		E392A9A12A656130004129D8 /* Model */ = {
			isa = PBXGroup;
			children = (
				E392A9A22A656269004129D8 /* StoryPrompts.swift */,
				E392A9A42A6566D9004129D8 /* StoryPromptEntry.swift */,
			);
			path = Model;
			sourceTree = "<group>";
		};
		E392A9A62A66D0C9004129D8 /* View */ = {
			isa = PBXGroup;
			children = (
				E392A9932A655E67004129D8 /* Main.storyboard */,
			);
			path = View;
			sourceTree = "<group>";
		};
		E392A9A72A66D0D1004129D8 /* Controller */ = {
			isa = PBXGroup;
			children = (
				E392A9912A655E67004129D8 /* PromptEditingViewController.swift */,
				E392A9A82A66D149004129D8 /* ResultViewController.swift */,
				E392A9AA2A683983004129D8 /* StoryPromptTableViewController.swift */,
			);
			path = Controller;
			sourceTree = "<group>";
		};
/* End PBXGroup section */

/* Begin PBXNativeTarget section */
		E392A9892A655E67004129D8 /* StoryPromt */ = {
			isa = PBXNativeTarget;
			buildConfigurationList = E392A99E2A655E6A004129D8 /* Build configuration list for PBXNativeTarget "StoryPromt" */;
			buildPhases = (
				E392A9862A655E67004129D8 /* Sources */,
				E392A9872A655E67004129D8 /* Frameworks */,
				E392A9882A655E67004129D8 /* Resources */,
			);
			buildRules = (
			);
			dependencies = (
			);
			name = StoryPromt;
			productName = StoryPromt;
			productReference = E392A98A2A655E67004129D8 /* StoryPromt.app */;
			productType = "com.apple.product-type.application";
		};
/* End PBXNativeTarget section */

/* Begin PBXProject section */
		E392A9822A655E67004129D8 /* Project object */ = {
			isa = PBXProject;
			attributes = {
				BuildIndependentTargetsInParallel = 1;
				LastSwiftUpdateCheck = 1430;
				LastUpgradeCheck = 1430;
				TargetAttributes = {
					E392A9892A655E67004129D8 = {
						CreatedOnToolsVersion = 14.3;
					};
				};
			};
			buildConfigurationList = E392A9852A655E67004129D8 /* Build configuration list for PBXProject "StoryPromt" */;
			compatibilityVersion = "Xcode 14.0";
			developmentRegion = en;
			hasScannedForEncodings = 0;
			knownRegions = (
				en,
				Base,
			);
			mainGroup = E392A9812A655E67004129D8;
			productRefGroup = E392A98B2A655E67004129D8 /* Products */;
			projectDirPath = "";
			projectRoot = "";
			targets = (
				E392A9892A655E67004129D8 /* StoryPromt */,
			);
		};
/* End PBXProject section */

/* Begin PBXResourcesBuildPhase section */
		E392A9882A655E67004129D8 /* Resources */ = {
			isa = PBXResourcesBuildPhase;
			buildActionMask = 2147483647;
			files = (
				E392A99A2A655E6A004129D8 /* LaunchScreen.storyboard in Resources */,
				E392A9972A655E6A004129D8 /* Assets.xcassets in Resources */,
				E392A9952A655E67004129D8 /* Main.storyboard in Resources */,
			);
			runOnlyForDeploymentPostprocessing = 0;
		};
/* End PBXResourcesBuildPhase section */

/* Begin PBXSourcesBuildPhase section */
		E392A9862A655E67004129D8 /* Sources */ = {
			isa = PBXSourcesBuildPhase;
			buildActionMask = 2147483647;
			files = (
				E392A9AB2A683983004129D8 /* StoryPromptTableViewController.swift in Sources */,
				E392A9A52A6566D9004129D8 /* StoryPromptEntry.swift in Sources */,
				E392A9922A655E67004129D8 /* PromptEditingViewController.swift in Sources */,
				E392A98E2A655E67004129D8 /* AppDelegate.swift in Sources */,
				E392A9902A655E67004129D8 /* SceneDelegate.swift in Sources */,
				E392A9A32A656269004129D8 /* StoryPrompts.swift in Sources */,
				E392A9A92A66D149004129D8 /* ResultViewController.swift in Sources */,
			);
			runOnlyForDeploymentPostprocessing = 0;
		};
/* End PBXSourcesBuildPhase section */

/* Begin PBXVariantGroup section */
		E392A9932A655E67004129D8 /* Main.storyboard */ = {
			isa = PBXVariantGroup;
			children = (
				E392A9942A655E67004129D8 /* Base */,
			);
			name = Main.storyboard;
			sourceTree = "<group>";
		};
		E392A9982A655E6A004129D8 /* LaunchScreen.storyboard */ = {
			isa = PBXVariantGroup;
			children = (
				E392A9992A655E6A004129D8 /* Base */,
			);
			name = LaunchScreen.storyboard;
			sourceTree = "<group>";
		};
/* End PBXVariantGroup section */

/* Begin XCBuildConfiguration section */
		E392A99C2A655E6A004129D8 /* Debug */ = {
			isa = XCBuildConfiguration;
			buildSettings = {
				ALWAYS_SEARCH_USER_PATHS = NO;
				CLANG_ANALYZER_NONNULL = YES;
				CLANG_ANALYZER_NUMBER_OBJECT_CONVERSION = YES_AGGRESSIVE;
				CLANG_CXX_LANGUAGE_STANDARD = "gnu++20";
				CLANG_ENABLE_MODULES = YES;
				CLANG_ENABLE_OBJC_ARC = YES;
				CLANG_ENABLE_OBJC_WEAK = YES;
				CLANG_WARN_BLOCK_CAPTURE_AUTORELEASING = YES;
				CLANG_WARN_BOOL_CONVERSION = YES;
				CLANG_WARN_COMMA = YES;
				CLANG_WARN_CONSTANT_CONVERSION = YES;
				CLANG_WARN_DEPRECATED_OBJC_IMPLEMENTATIONS = YES;
				CLANG_WARN_DIRECT_OBJC_ISA_USAGE = YES_ERROR;
				CLANG_WARN_DOCUMENTATION_COMMENTS = YES;
				CLANG_WARN_EMPTY_BODY = YES;
				CLANG_WARN_ENUM_CONVERSION = YES;
				CLANG_WARN_INFINITE_RECURSION = YES;
				CLANG_WARN_INT_CONVERSION = YES;
				CLANG_WARN_NON_LITERAL_NULL_CONVERSION = YES;
				CLANG_WARN_OBJC_IMPLICIT_RETAIN_SELF = YES;
				CLANG_WARN_OBJC_LITERAL_CONVERSION = YES;
				CLANG_WARN_OBJC_ROOT_CLASS = YES_ERROR;
				CLANG_WARN_QUOTED_INCLUDE_IN_FRAMEWORK_HEADER = YES;
				CLANG_WARN_RANGE_LOOP_ANALYSIS = YES;
				CLANG_WARN_STRICT_PROTOTYPES = YES;
				CLANG_WARN_SUSPICIOUS_MOVE = YES;
				CLANG_WARN_UNGUARDED_AVAILABILITY = YES_AGGRESSIVE;
				CLANG_WARN_UNREACHABLE_CODE = YES;
				CLANG_WARN__DUPLICATE_METHOD_MATCH = YES;
				COPY_PHASE_STRIP = NO;
				DEBUG_INFORMATION_FORMAT = dwarf;
				ENABLE_STRICT_OBJC_MSGSEND = YES;
				ENABLE_TESTABILITY = YES;
				GCC_C_LANGUAGE_STANDARD = gnu11;
				GCC_DYNAMIC_NO_PIC = NO;
				GCC_NO_COMMON_BLOCKS = YES;
				GCC_OPTIMIZATION_LEVEL = 0;
				GCC_PREPROCESSOR_DEFINITIONS = (
					"DEBUG=1",
					"$(inherited)",
				);
				GCC_WARN_64_TO_32_BIT_CONVERSION = YES;
				GCC_WARN_ABOUT_RETURN_TYPE = YES_ERROR;
				GCC_WARN_UNDECLARED_SELECTOR = YES;
				GCC_WARN_UNINITIALIZED_AUTOS = YES_AGGRESSIVE;
				GCC_WARN_UNUSED_FUNCTION = YES;
				GCC_WARN_UNUSED_VARIABLE = YES;
				IPHONEOS_DEPLOYMENT_TARGET = 16.4;
				MTL_ENABLE_DEBUG_INFO = INCLUDE_SOURCE;
				MTL_FAST_MATH = YES;
				ONLY_ACTIVE_ARCH = YES;
				SDKROOT = iphoneos;
				SWIFT_ACTIVE_COMPILATION_CONDITIONS = DEBUG;
				SWIFT_OPTIMIZATION_LEVEL = "-Onone";
			};
			name = Debug;
		};
		E392A99D2A655E6A004129D8 /* Release */ = {
			isa = XCBuildConfiguration;
			buildSettings = {
				ALWAYS_SEARCH_USER_PATHS = NO;
				CLANG_ANALYZER_NONNULL = YES;
				CLANG_ANALYZER_NUMBER_OBJECT_CONVERSION = YES_AGGRESSIVE;
				CLANG_CXX_LANGUAGE_STANDARD = "gnu++20";
				CLANG_ENABLE_MODULES = YES;
				CLANG_ENABLE_OBJC_ARC = YES;
				CLANG_ENABLE_OBJC_WEAK = YES;
				CLANG_WARN_BLOCK_CAPTURE_AUTORELEASING = YES;
				CLANG_WARN_BOOL_CONVERSION = YES;
				CLANG_WARN_COMMA = YES;
				CLANG_WARN_CONSTANT_CONVERSION = YES;
				CLANG_WARN_DEPRECATED_OBJC_IMPLEMENTATIONS = YES;
				CLANG_WARN_DIRECT_OBJC_ISA_USAGE = YES_ERROR;
				CLANG_WARN_DOCUMENTATION_COMMENTS = YES;
				CLANG_WARN_EMPTY_BODY = YES;
				CLANG_WARN_ENUM_CONVERSION = YES;
				CLANG_WARN_INFINITE_RECURSION = YES;
				CLANG_WARN_INT_CONVERSION = YES;
				CLANG_WARN_NON_LITERAL_NULL_CONVERSION = YES;
				CLANG_WARN_OBJC_IMPLICIT_RETAIN_SELF = YES;
				CLANG_WARN_OBJC_LITERAL_CONVERSION = YES;
				CLANG_WARN_OBJC_ROOT_CLASS = YES_ERROR;
				CLANG_WARN_QUOTED_INCLUDE_IN_FRAMEWORK_HEADER = YES;
				CLANG_WARN_RANGE_LOOP_ANALYSIS = YES;
				CLANG_WARN_STRICT_PROTOTYPES = YES;
				CLANG_WARN_SUSPICIOUS_MOVE = YES;
				CLANG_WARN_UNGUARDED_AVAILABILITY = YES_AGGRESSIVE;
				CLANG_WARN_UNREACHABLE_CODE = YES;
				CLANG_WARN__DUPLICATE_METHOD_MATCH = YES;
				COPY_PHASE_STRIP = NO;
				DEBUG_INFORMATION_FORMAT = "dwarf-with-dsym";
				ENABLE_NS_ASSERTIONS = NO;
				ENABLE_STRICT_OBJC_MSGSEND = YES;
				GCC_C_LANGUAGE_STANDARD = gnu11;
				GCC_NO_COMMON_BLOCKS = YES;
				GCC_WARN_64_TO_32_BIT_CONVERSION = YES;
				GCC_WARN_ABOUT_RETURN_TYPE = YES_ERROR;
				GCC_WARN_UNDECLARED_SELECTOR = YES;
				GCC_WARN_UNINITIALIZED_AUTOS = YES_AGGRESSIVE;
				GCC_WARN_UNUSED_FUNCTION = YES;
				GCC_WARN_UNUSED_VARIABLE = YES;
				IPHONEOS_DEPLOYMENT_TARGET = 16.4;
				MTL_ENABLE_DEBUG_INFO = NO;
				MTL_FAST_MATH = YES;
				SDKROOT = iphoneos;
				SWIFT_COMPILATION_MODE = wholemodule;
				SWIFT_OPTIMIZATION_LEVEL = "-O";
				VALIDATE_PRODUCT = YES;
			};
			name = Release;
		};
		E392A99F2A655E6A004129D8 /* Debug */ = {
			isa = XCBuildConfiguration;
			buildSettings = {
				ASSETCATALOG_COMPILER_APPICON_NAME = AppIcon;
				ASSETCATALOG_COMPILER_GLOBAL_ACCENT_COLOR_NAME = AccentColor;
				CODE_SIGN_STYLE = Automatic;
				CURRENT_PROJECT_VERSION = 1;
				DEVELOPMENT_TEAM = S5RNXZGRV7;
				GENERATE_INFOPLIST_FILE = YES;
				INFOPLIST_FILE = StoryPromt/Info.plist;
				INFOPLIST_KEY_UIApplicationSupportsIndirectInputEvents = YES;
				INFOPLIST_KEY_UILaunchStoryboardName = LaunchScreen;
				INFOPLIST_KEY_UIMainStoryboardFile = Main;
				INFOPLIST_KEY_UISupportedInterfaceOrientations = UIInterfaceOrientationPortrait;
				INFOPLIST_KEY_UISupportedInterfaceOrientations_iPad = "UIInterfaceOrientationLandscapeLeft UIInterfaceOrientationLandscapeRight UIInterfaceOrientationPortrait UIInterfaceOrientationPortraitUpsideDown";
				LD_RUNPATH_SEARCH_PATHS = (
					"$(inherited)",
					"@executable_path/Frameworks",
				);
				MARKETING_VERSION = 1.0;
				PRODUCT_BUNDLE_IDENTIFIER = com.hidaha.StoryPromt;
				PRODUCT_NAME = "$(TARGET_NAME)";
				SUPPORTED_PLATFORMS = "iphoneos iphonesimulator";
				SUPPORTS_MACCATALYST = NO;
				SUPPORTS_MAC_DESIGNED_FOR_IPHONE_IPAD = NO;
				SWIFT_EMIT_LOC_STRINGS = YES;
				SWIFT_VERSION = 5.0;
				TARGETED_DEVICE_FAMILY = 1;
			};
			name = Debug;
		};
		E392A9A02A655E6A004129D8 /* Release */ = {
			isa = XCBuildConfiguration;
			buildSettings = {
				ASSETCATALOG_COMPILER_APPICON_NAME = AppIcon;
				ASSETCATALOG_COMPILER_GLOBAL_ACCENT_COLOR_NAME = AccentColor;
				CODE_SIGN_STYLE = Automatic;
				CURRENT_PROJECT_VERSION = 1;
				DEVELOPMENT_TEAM = S5RNXZGRV7;
				GENERATE_INFOPLIST_FILE = YES;
				INFOPLIST_FILE = StoryPromt/Info.plist;
				INFOPLIST_KEY_UIApplicationSupportsIndirectInputEvents = YES;
				INFOPLIST_KEY_UILaunchStoryboardName = LaunchScreen;
				INFOPLIST_KEY_UIMainStoryboardFile = Main;
				INFOPLIST_KEY_UISupportedInterfaceOrientations = UIInterfaceOrientationPortrait;
				INFOPLIST_KEY_UISupportedInterfaceOrientations_iPad = "UIInterfaceOrientationLandscapeLeft UIInterfaceOrientationLandscapeRight UIInterfaceOrientationPortrait UIInterfaceOrientationPortraitUpsideDown";
				LD_RUNPATH_SEARCH_PATHS = (
					"$(inherited)",
					"@executable_path/Frameworks",
				);
				MARKETING_VERSION = 1.0;
				PRODUCT_BUNDLE_IDENTIFIER = com.hidaha.StoryPromt;
				PRODUCT_NAME = "$(TARGET_NAME)";
				SUPPORTED_PLATFORMS = "iphoneos iphonesimulator";
				SUPPORTS_MACCATALYST = NO;
				SUPPORTS_MAC_DESIGNED_FOR_IPHONE_IPAD = NO;
				SWIFT_EMIT_LOC_STRINGS = YES;
				SWIFT_VERSION = 5.0;
				TARGETED_DEVICE_FAMILY = 1;
			};
			name = Release;
		};
/* End XCBuildConfiguration section */

/* Begin XCConfigurationList section */
		E392A9852A655E67004129D8 /* Build configuration list for PBXProject "StoryPromt" */ = {
			isa = XCConfigurationList;
			buildConfigurations = (
				E392A99C2A655E6A004129D8 /* Debug */,
				E392A99D2A655E6A004129D8 /* Release */,
			);
			defaultConfigurationIsVisible = 0;
			defaultConfigurationName = Release;
		};
		E392A99E2A655E6A004129D8 /* Build configuration list for PBXNativeTarget "StoryPromt" */ = {
			isa = XCConfigurationList;
			buildConfigurations = (
				E392A99F2A655E6A004129D8 /* Debug */,
				E392A9A02A655E6A004129D8 /* Release */,
			);
			defaultConfigurationIsVisible = 0;
			defaultConfigurationName = Release;
		};
/* End XCConfigurationList section */
	};
	rootObject = E392A9822A655E67004129D8 /* Project object */;
}
